{
  "name": "test",
  "version": "0.1.0",
  "lockfileVersion": 3,
  "requires": true,
  "packages": {
    "": {
      "name": "test",
      "version": "0.1.0",
      "license": "MIT",
      "devDependencies": {
        "@slickquant/slick-ladder": "^0.1.0"
      }
    },
    "node_modules/@slickquant/slick-ladder": {
      "version": "0.1.0",
      "resolved": "https://registry.npmjs.org/@slickquant/slick-ladder/-/slick-ladder-0.1.0.tgz",
      "integrity": "sha512-HDbTvJ8YCn7PG7+WUKvBNAeLmj0RpQxhirejxAMeHNGMojFk0lWOAdDyUPFg4LYhuoOvU6Yfql6o/3WAUNj0qg==",
      "dev": true,
      "license": "MIT"
    }
  }
}
